
Microsoft Visual Studio Solution File, Format Version 12.00
# Visual Studio Version 17
VisualStudioVersion = 17.5.002.0
MinimumVisualStudioVersion = 10.0.40219.1
Project("{9A19103F-16F7-4668-BE54-9A1E7A4F7556}") = "api", "api\api.csproj", "{A79BE33B-2569-4605-8FD1-30A5C5AE93F5}"
EndProject
Global
	GlobalSection(SolutionConfigurationPlatforms) = preSolution
		Debug|Any CPU = Debug|Any CPU
		Release|Any CPU = Release|Any CPU
	EndGlobalSection
	GlobalSection(ProjectConfigurationPlatforms) = postSolution
		{A79BE33B-2569-4605-8FD1-30A5C5AE93F5}.Debug|Any CPU.ActiveCfg = Debug|Any CPU
		{A79BE33B-2569-4605-8FD1-30A5C5AE93F5}.Debug|Any CPU.Build.0 = Debug|Any CPU
		{A79BE33B-2569-4605-8FD1-30A5C5AE93F5}.Release|Any CPU.ActiveCfg = Release|Any CPU
		{A79BE33B-2569-4605-8FD1-30A5C5AE93F5}.Release|Any CPU.Build.0 = Release|Any CPU
	EndGlobalSection
	GlobalSection(SolutionProperties) = preSolution
		HideSolutionNode = FALSE
	EndGlobalSection
	GlobalSection(ExtensibilityGlobals) = postSolution
		SolutionGuid = {6759F1E0-5855-427F-BE27-10793414DAC9}
	EndGlobalSection
EndGlobal
